// !$*UTF8*$!
{
	archiveVersion = 1;
	classes = {
	};
	objectVersion = 56;
	objects = {

/* Begin PBXBuildFile section */
		408C87332C3C36E30007E9C6 /* SwiftUIListMusicAppApp.swift in Sources */ = {isa = PBXBuildFile; fileRef = 408C87322C3C36E30007E9C6 /* SwiftUIListMusicAppApp.swift */; };
		408C87352C3C36E30007E9C6 /* ContentView.swift in Sources */ = {isa = PBXBuildFile; fileRef = 408C87342C3C36E30007E9C6 /* ContentView.swift */; };
		408C87372C3C36E50007E9C6 /* Assets.xcassets in Resources */ = {isa = PBXBuildFile; fileRef = 408C87362C3C36E50007E9C6 /* Assets.xcassets */; };
		408C873A2C3C36E50007E9C6 /* Preview Assets.xcassets in Resources */ = {isa = PBXBuildFile; fileRef = 408C87392C3C36E50007E9C6 /* Preview Assets.xcassets */; };
		408C87442C3C36E50007E9C6 /* SwiftUIListMusicAppTests.swift in Sources */ = {isa = PBXBuildFile; fileRef = 408C87432C3C36E50007E9C6 /* SwiftUIListMusicAppTests.swift */; };
		408C874E2C3C36E50007E9C6 /* SwiftUIListMusicAppUITests.swift in Sources */ = {isa = PBXBuildFile; fileRef = 408C874D2C3C36E50007E9C6 /* SwiftUIListMusicAppUITests.swift */; };
		408C87502C3C36E50007E9C6 /* SwiftUIListMusicAppUITestsLaunchTests.swift in Sources */ = {isa = PBXBuildFile; fileRef = 408C874F2C3C36E50007E9C6 /* SwiftUIListMusicAppUITestsLaunchTests.swift */; };
		408C875D2C3C37610007E9C6 /* Song.swift in Sources */ = {isa = PBXBuildFile; fileRef = 408C875C2C3C37610007E9C6 /* Song.swift */; };
		408C875F2C3C39400007E9C6 /* SongRow.swift in Sources */ = {isa = PBXBuildFile; fileRef = 408C875E2C3C39400007E9C6 /* SongRow.swift */; };
/* End PBXBuildFile section */

/* Begin PBXContainerItemProxy section */
		408C87402C3C36E50007E9C6 /* PBXContainerItemProxy */ = {
			isa = PBXContainerItemProxy;
			containerPortal = 408C87272C3C36E30007E9C6 /* Project object */;
			proxyType = 1;
			remoteGlobalIDString = 408C872E2C3C36E30007E9C6;
			remoteInfo = SwiftUIListMusicApp;
		};
		408C874A2C3C36E50007E9C6 /* PBXContainerItemProxy */ = {
			isa = PBXContainerItemProxy;
			containerPortal = 408C87272C3C36E30007E9C6 /* Project object */;
			proxyType = 1;
			remoteGlobalIDString = 408C872E2C3C36E30007E9C6;
			remoteInfo = SwiftUIListMusicApp;
		};
/* End PBXContainerItemProxy section */

/* Begin PBXFileReference section */
		408C872F2C3C36E30007E9C6 /* SwiftUIListMusicApp.app */ = {isa = PBXFileReference; explicitFileType = wrapper.application; includeInIndex = 0; path = SwiftUIListMusicApp.app; sourceTree = BUILT_PRODUCTS_DIR; };
		408C87322C3C36E30007E9C6 /* SwiftUIListMusicAppApp.swift */ = {isa = PBXFileReference; lastKnownFileType = sourcecode.swift; path = SwiftUIListMusicAppApp.swift; sourceTree = "<group>"; };
		408C87342C3C36E30007E9C6 /* ContentView.swift */ = {isa = PBXFileReference; lastKnownFileType = sourcecode.swift; path = ContentView.swift; sourceTree = "<group>"; };
		408C87362C3C36E50007E9C6 /* Assets.xcassets */ = {isa = PBXFileReference; lastKnownFileType = folder.assetcatalog; path = Assets.xcassets; sourceTree = "<group>"; };
		408C87392C3C36E50007E9C6 /* Preview Assets.xcassets */ = {isa = PBXFileReference; lastKnownFileType = folder.assetcatalog; path = "Preview Assets.xcassets"; sourceTree = "<group>"; };
		408C873F2C3C36E50007E9C6 /* SwiftUIListMusicAppTests.xctest */ = {isa = PBXFileReference; explicitFileType = wrapper.cfbundle; includeInIndex = 0; path = SwiftUIListMusicAppTests.xctest; sourceTree = BUILT_PRODUCTS_DIR; };
		408C87432C3C36E50007E9C6 /* SwiftUIListMusicAppTests.swift */ = {isa = PBXFileReference; lastKnownFileType = sourcecode.swift; path = SwiftUIListMusicAppTests.swift; sourceTree = "<group>"; };
		408C87492C3C36E50007E9C6 /* SwiftUIListMusicAppUITests.xctest */ = {isa = PBXFileReference; explicitFileType = wrapper.cfbundle; includeInIndex = 0; path = SwiftUIListMusicAppUITests.xctest; sourceTree = BUILT_PRODUCTS_DIR; };
		408C874D2C3C36E50007E9C6 /* SwiftUIListMusicAppUITests.swift */ = {isa = PBXFileReference; lastKnownFileType = sourcecode.swift; path = SwiftUIListMusicAppUITests.swift; sourceTree = "<group>"; };
		408C874F2C3C36E50007E9C6 /* SwiftUIListMusicAppUITestsLaunchTests.swift */ = {isa = PBXFileReference; lastKnownFileType = sourcecode.swift; path = SwiftUIListMusicAppUITestsLaunchTests.swift; sourceTree = "<group>"; };
		408C875C2C3C37610007E9C6 /* Song.swift */ = {isa = PBXFileReference; lastKnownFileType = sourcecode.swift; path = Song.swift; sourceTree = "<group>"; };
		408C875E2C3C39400007E9C6 /* SongRow.swift */ = {isa = PBXFileReference; lastKnownFileType = sourcecode.swift; path = SongRow.swift; sourceTree = "<group>"; };
/* End PBXFileReference section */

/* Begin PBXFrameworksBuildPhase section */
		408C872C2C3C36E30007E9C6 /* Frameworks */ = {
			isa = PBXFrameworksBuildPhase;
			buildActionMask = 2147483647;
			files = (
			);
			runOnlyForDeploymentPostprocessing = 0;
		};
		408C873C2C3C36E50007E9C6 /* Frameworks */ = {
			isa = PBXFrameworksBuildPhase;
			buildActionMask = 2147483647;
			files = (
			);
			runOnlyForDeploymentPostprocessing = 0;
		};
		408C87462C3C36E50007E9C6 /* Frameworks */ = {
			isa = PBXFrameworksBuildPhase;
			buildActionMask = 2147483647;
			files = (
			);
			runOnlyForDeploymentPostprocessing = 0;
		};
/* End PBXFrameworksBuildPhase section */

/* Begin PBXGroup section */
		408C87262C3C36E30007E9C6 = {
			isa = PBXGroup;
			children = (
				408C87312C3C36E30007E9C6 /* SwiftUIListMusicApp */,
				408C87422C3C36E50007E9C6 /* SwiftUIListMusicAppTests */,
				408C874C2C3C36E50007E9C6 /* SwiftUIListMusicAppUITests */,
				408C87302C3C36E30007E9C6 /* Products */,
			);
			sourceTree = "<group>";
		};
		408C87302C3C36E30007E9C6 /* Products */ = {
			isa = PBXGroup;
			children = (
				408C872F2C3C36E30007E9C6 /* SwiftUIListMusicApp.app */,
				408C873F2C3C36E50007E9C6 /* SwiftUIListMusicAppTests.xctest */,
				408C87492C3C36E50007E9C6 /* SwiftUIListMusicAppUITests.xctest */,
			);
			name = Products;
			sourceTree = "<group>";
		};
		408C87312C3C36E30007E9C6 /* SwiftUIListMusicApp */ = {
			isa = PBXGroup;
			children = (
				408C87322C3C36E30007E9C6 /* SwiftUIListMusicAppApp.swift */,
				408C87342C3C36E30007E9C6 /* ContentView.swift */,
				408C87362C3C36E50007E9C6 /* Assets.xcassets */,
				408C87382C3C36E50007E9C6 /* Preview Content */,
				408C875C2C3C37610007E9C6 /* Song.swift */,
				408C875E2C3C39400007E9C6 /* SongRow.swift */,
			);
			path = SwiftUIListMusicApp;
			sourceTree = "<group>";
		};
		408C87382C3C36E50007E9C6 /* Preview Content */ = {
			isa = PBXGroup;
			children = (
				408C87392C3C36E50007E9C6 /* Preview Assets.xcassets */,
			);
			path = "Preview Content";
			sourceTree = "<group>";
		};
		408C87422C3C36E50007E9C6 /* SwiftUIListMusicAppTests */ = {
			isa = PBXGroup;
			children = (
				408C87432C3C36E50007E9C6 /* SwiftUIListMusicAppTests.swift */,
			);
			path = SwiftUIListMusicAppTests;
			sourceTree = "<group>";
		};
		408C874C2C3C36E50007E9C6 /* SwiftUIListMusicAppUITests */ = {
			isa = PBXGroup;
			children = (
				408C874D2C3C36E50007E9C6 /* SwiftUIListMusicAppUITests.swift */,
				408C874F2C3C36E50007E9C6 /* SwiftUIListMusicAppUITestsLaunchTests.swift */,
			);
			path = SwiftUIListMusicAppUITests;
			sourceTree = "<group>";
		};
/* End PBXGroup section */

/* Begin PBXNativeTarget section */
		408C872E2C3C36E30007E9C6 /* SwiftUIListMusicApp */ = {
			isa = PBXNativeTarget;
			buildConfigurationList = 408C87532C3C36E50007E9C6 /* Build configuration list for PBXNativeTarget "SwiftUIListMusicApp" */;
			buildPhases = (
				408C872B2C3C36E30007E9C6 /* Sources */,
				408C872C2C3C36E30007E9C6 /* Frameworks */,
				408C872D2C3C36E30007E9C6 /* Resources */,
			);
			buildRules = (
			);
			dependencies = (
			);
			name = SwiftUIListMusicApp;
			productName = SwiftUIListMusicApp;
			productReference = 408C872F2C3C36E30007E9C6 /* SwiftUIListMusicApp.app */;
			productType = "com.apple.product-type.application";
		};
		408C873E2C3C36E50007E9C6 /* SwiftUIListMusicAppTests */ = {
			isa = PBXNativeTarget;
			buildConfigurationList = 408C87562C3C36E50007E9C6 /* Build configuration list for PBXNativeTarget "SwiftUIListMusicAppTests" */;
			buildPhases = (
				408C873B2C3C36E50007E9C6 /* Sources */,
				408C873C2C3C36E50007E9C6 /* Frameworks */,
				408C873D2C3C36E50007E9C6 /* Resources */,
			);
			buildRules = (
			);
			dependencies = (
				408C87412C3C36E50007E9C6 /* PBXTargetDependency */,
			);
			name = SwiftUIListMusicAppTests;
			productName = SwiftUIListMusicAppTests;
			productReference = 408C873F2C3C36E50007E9C6 /* SwiftUIListMusicAppTests.xctest */;
			productType = "com.apple.product-type.bundle.unit-test";
		};
		408C87482C3C36E50007E9C6 /* SwiftUIListMusicAppUITests */ = {
			isa = PBXNativeTarget;
			buildConfigurationList = 408C87592C3C36E50007E9C6 /* Build configuration list for PBXNativeTarget "SwiftUIListMusicAppUITests" */;
			buildPhases = (
				408C87452C3C36E50007E9C6 /* Sources */,
				408C87462C3C36E50007E9C6 /* Frameworks */,
				408C87472C3C36E50007E9C6 /* Resources */,
			);
			buildRules = (
			);
			dependencies = (
				408C874B2C3C36E50007E9C6 /* PBXTargetDependency */,
			);
			name = SwiftUIListMusicAppUITests;
			productName = SwiftUIListMusicAppUITests;
			productReference = 408C87492C3C36E50007E9C6 /* SwiftUIListMusicAppUITests.xctest */;
			productType = "com.apple.product-type.bundle.ui-testing";
		};
/* End PBXNativeTarget section */

/* Begin PBXProject section */
		408C87272C3C36E30007E9C6 /* Project object */ = {
			isa = PBXProject;
			attributes = {
				BuildIndependentTargetsInParallel = 1;
				LastSwiftUpdateCheck = 1430;
				LastUpgradeCheck = 1430;
				TargetAttributes = {
					408C872E2C3C36E30007E9C6 = {
						CreatedOnToolsVersion = 14.3.1;
					};
					408C873E2C3C36E50007E9C6 = {
						CreatedOnToolsVersion = 14.3.1;
						TestTargetID = 408C872E2C3C36E30007E9C6;
					};
					408C87482C3C36E50007E9C6 = {
						CreatedOnToolsVersion = 14.3.1;
						TestTargetID = 408C872E2C3C36E30007E9C6;
					};
				};
			};
			buildConfigurationList = 408C872A2C3C36E30007E9C6 /* Build configuration list for PBXProject "SwiftUIListMusicApp" */;
			compatibilityVersion = "Xcode 14.0";
			developmentRegion = en;
			hasScannedForEncodings = 0;
			knownRegions = (
				en,
				Base,
			);
			mainGroup = 408C87262C3C36E30007E9C6;
			productRefGroup = 408C87302C3C36E30007E9C6 /* Products */;
			projectDirPath = "";
			projectRoot = "";
			targets = (
				408C872E2C3C36E30007E9C6 /* SwiftUIListMusicApp */,
				408C873E2C3C36E50007E9C6 /* SwiftUIListMusicAppTests */,
				408C87482C3C36E50007E9C6 /* SwiftUIListMusicAppUITests */,
			);
		};
/* End PBXProject section */

/* Begin PBXResourcesBuildPhase section */
		408C872D2C3C36E30007E9C6 /* Resources */ = {
			isa = PBXResourcesBuildPhase;
			buildActionMask = 2147483647;
			files = (
				408C873A2C3C36E50007E9C6 /* Preview Assets.xcassets in Resources */,
				408C87372C3C36E50007E9C6 /* Assets.xcassets in Resources */,
			);
			runOnlyForDeploymentPostprocessing = 0;
		};
		408C873D2C3C36E50007E9C6 /* Resources */ = {
			isa = PBXResourcesBuildPhase;
			buildActionMask = 2147483647;
			files = (
			);
			runOnlyForDeploymentPostprocessing = 0;
		};
		408C87472C3C36E50007E9C6 /* Resources */ = {
			isa = PBXResourcesBuildPhase;
			buildActionMask = 2147483647;
			files = (
			);
			runOnlyForDeploymentPostprocessing = 0;
		};
/* End PBXResourcesBuildPhase section */

/* Begin PBXSourcesBuildPhase section */
		408C872B2C3C36E30007E9C6 /* Sources */ = {
			isa = PBXSourcesBuildPhase;
			buildActionMask = 2147483647;
			files = (
				408C87352C3C36E30007E9C6 /* ContentView.swift in Sources */,
				408C87332C3C36E30007E9C6 /* SwiftUIListMusicAppApp.swift in Sources */,
				408C875D2C3C37610007E9C6 /* Song.swift in Sources */,
				408C875F2C3C39400007E9C6 /* SongRow.swift in Sources */,
			);
			runOnlyForDeploymentPostprocessing = 0;
		};
		408C873B2C3C36E50007E9C6 /* Sources */ = {
			isa = PBXSourcesBuildPhase;
			buildActionMask = 2147483647;
			files = (
				408C87442C3C36E50007E9C6 /* SwiftUIListMusicAppTests.swift in Sources */,
			);
			runOnlyForDeploymentPostprocessing = 0;
		};
		408C87452C3C36E50007E9C6 /* Sources */ = {
			isa = PBXSourcesBuildPhase;
			buildActionMask = 2147483647;
			files = (
				408C87502C3C36E50007E9C6 /* SwiftUIListMusicAppUITestsLaunchTests.swift in Sources */,
				408C874E2C3C36E50007E9C6 /* SwiftUIListMusicAppUITests.swift in Sources */,
			);
			runOnlyForDeploymentPostprocessing = 0;
		};
/* End PBXSourcesBuildPhase section */

/* Begin PBXTargetDependency section */
		408C87412C3C36E50007E9C6 /* PBXTargetDependency */ = {
			isa = PBXTargetDependency;
			target = 408C872E2C3C36E30007E9C6 /* SwiftUIListMusicApp */;
			targetProxy = 408C87402C3C36E50007E9C6 /* PBXContainerItemProxy */;
		};
		408C874B2C3C36E50007E9C6 /* PBXTargetDependency */ = {
			isa = PBXTargetDependency;
			target = 408C872E2C3C36E30007E9C6 /* SwiftUIListMusicApp */;
			targetProxy = 408C874A2C3C36E50007E9C6 /* PBXContainerItemProxy */;
		};
/* End PBXTargetDependency section */

/* Begin XCBuildConfiguration section */
		408C87512C3C36E50007E9C6 /* Debug */ = {
			isa = XCBuildConfiguration;
			buildSettings = {
				ALWAYS_SEARCH_USER_PATHS = NO;
				CLANG_ANALYZER_NONNULL = YES;
				CLANG_ANALYZER_NUMBER_OBJECT_CONVERSION = YES_AGGRESSIVE;
				CLANG_CXX_LANGUAGE_STANDARD = "gnu++20";
				CLANG_ENABLE_MODULES = YES;
				CLANG_ENABLE_OBJC_ARC = YES;
				CLANG_ENABLE_OBJC_WEAK = YES;
				CLANG_WARN_BLOCK_CAPTURE_AUTORELEASING = YES;
				CLANG_WARN_BOOL_CONVERSION = YES;
				CLANG_WARN_COMMA = YES;
				CLANG_WARN_CONSTANT_CONVERSION = YES;
				CLANG_WARN_DEPRECATED_OBJC_IMPLEMENTATIONS = YES;
				CLANG_WARN_DIRECT_OBJC_ISA_USAGE = YES_ERROR;
				CLANG_WARN_DOCUMENTATION_COMMENTS = YES;
				CLANG_WARN_EMPTY_BODY = YES;
				CLANG_WARN_ENUM_CONVERSION = YES;
				CLANG_WARN_INFINITE_RECURSION = YES;
				CLANG_WARN_INT_CONVERSION = YES;
				CLANG_WARN_NON_LITERAL_NULL_CONVERSION = YES;
				CLANG_WARN_OBJC_IMPLICIT_RETAIN_SELF = YES;
				CLANG_WARN_OBJC_LITERAL_CONVERSION = YES;
				CLANG_WARN_OBJC_ROOT_CLASS = YES_ERROR;
				CLANG_WARN_QUOTED_INCLUDE_IN_FRAMEWORK_HEADER = YES;
				CLANG_WARN_RANGE_LOOP_ANALYSIS = YES;
				CLANG_WARN_STRICT_PROTOTYPES = YES;
				CLANG_WARN_SUSPICIOUS_MOVE = YES;
				CLANG_WARN_UNGUARDED_AVAILABILITY = YES_AGGRESSIVE;
				CLANG_WARN_UNREACHABLE_CODE = YES;
				CLANG_WARN__DUPLICATE_METHOD_MATCH = YES;
				COPY_PHASE_STRIP = NO;
				DEBUG_INFORMATION_FORMAT = dwarf;
				ENABLE_STRICT_OBJC_MSGSEND = YES;
				ENABLE_TESTABILITY = YES;
				GCC_C_LANGUAGE_STANDARD = gnu11;
				GCC_DYNAMIC_NO_PIC = NO;
				GCC_NO_COMMON_BLOCKS = YES;
				GCC_OPTIMIZATION_LEVEL = 0;
				GCC_PREPROCESSOR_DEFINITIONS = (
					"DEBUG=1",
					"$(inherited)",
				);
				GCC_WARN_64_TO_32_BIT_CONVERSION = YES;
				GCC_WARN_ABOUT_RETURN_TYPE = YES_ERROR;
				GCC_WARN_UNDECLARED_SELECTOR = YES;
				GCC_WARN_UNINITIALIZED_AUTOS = YES_AGGRESSIVE;
				GCC_WARN_UNUSED_FUNCTION = YES;
				GCC_WARN_UNUSED_VARIABLE = YES;
				IPHONEOS_DEPLOYMENT_TARGET = 16.4;
				MTL_ENABLE_DEBUG_INFO = INCLUDE_SOURCE;
				MTL_FAST_MATH = YES;
				ONLY_ACTIVE_ARCH = YES;
				SDKROOT = iphoneos;
				SWIFT_ACTIVE_COMPILATION_CONDITIONS = DEBUG;
				SWIFT_OPTIMIZATION_LEVEL = "-Onone";
			};
			name = Debug;
		};
		408C87522C3C36E50007E9C6 /* Release */ = {
			isa = XCBuildConfiguration;
			buildSettings = {
				ALWAYS_SEARCH_USER_PATHS = NO;
				CLANG_ANALYZER_NONNULL = YES;
				CLANG_ANALYZER_NUMBER_OBJECT_CONVERSION = YES_AGGRESSIVE;
				CLANG_CXX_LANGUAGE_STANDARD = "gnu++20";
				CLANG_ENABLE_MODULES = YES;
				CLANG_ENABLE_OBJC_ARC = YES;
				CLANG_ENABLE_OBJC_WEAK = YES;
				CLANG_WARN_BLOCK_CAPTURE_AUTORELEASING = YES;
				CLANG_WARN_BOOL_CONVERSION = YES;
				CLANG_WARN_COMMA = YES;
				CLANG_WARN_CONSTANT_CONVERSION = YES;
				CLANG_WARN_DEPRECATED_OBJC_IMPLEMENTATIONS = YES;
				CLANG_WARN_DIRECT_OBJC_ISA_USAGE = YES_ERROR;
				CLANG_WARN_DOCUMENTATION_COMMENTS = YES;
				CLANG_WARN_EMPTY_BODY = YES;
				CLANG_WARN_ENUM_CONVERSION = YES;
				CLANG_WARN_INFINITE_RECURSION = YES;
				CLANG_WARN_INT_CONVERSION = YES;
				CLANG_WARN_NON_LITERAL_NULL_CONVERSION = YES;
				CLANG_WARN_OBJC_IMPLICIT_RETAIN_SELF = YES;
				CLANG_WARN_OBJC_LITERAL_CONVERSION = YES;
				CLANG_WARN_OBJC_ROOT_CLASS = YES_ERROR;
				CLANG_WARN_QUOTED_INCLUDE_IN_FRAMEWORK_HEADER = YES;
				CLANG_WARN_RANGE_LOOP_ANALYSIS = YES;
				CLANG_WARN_STRICT_PROTOTYPES = YES;
				CLANG_WARN_SUSPICIOUS_MOVE = YES;
				CLANG_WARN_UNGUARDED_AVAILABILITY = YES_AGGRESSIVE;
				CLANG_WARN_UNREACHABLE_CODE = YES;
				CLANG_WARN__DUPLICATE_METHOD_MATCH = YES;
				COPY_PHASE_STRIP = NO;
				DEBUG_INFORMATION_FORMAT = "dwarf-with-dsym";
				ENABLE_NS_ASSERTIONS = NO;
				ENABLE_STRICT_OBJC_MSGSEND = YES;
				GCC_C_LANGUAGE_STANDARD = gnu11;
				GCC_NO_COMMON_BLOCKS = YES;
				GCC_WARN_64_TO_32_BIT_CONVERSION = YES;
				GCC_WARN_ABOUT_RETURN_TYPE = YES_ERROR;
				GCC_WARN_UNDECLARED_SELECTOR = YES;
				GCC_WARN_UNINITIALIZED_AUTOS = YES_AGGRESSIVE;
				GCC_WARN_UNUSED_FUNCTION = YES;
				GCC_WARN_UNUSED_VARIABLE = YES;
				IPHONEOS_DEPLOYMENT_TARGET = 16.4;
				MTL_ENABLE_DEBUG_INFO = NO;
				MTL_FAST_MATH = YES;
				SDKROOT = iphoneos;
				SWIFT_COMPILATION_MODE = wholemodule;
				SWIFT_OPTIMIZATION_LEVEL = "-O";
				VALIDATE_PRODUCT = YES;
			};
			name = Release;
		};
		408C87542C3C36E50007E9C6 /* Debug */ = {
			isa = XCBuildConfiguration;
			buildSettings = {
				ASSETCATALOG_COMPILER_APPICON_NAME = AppIcon;
				ASSETCATALOG_COMPILER_GLOBAL_ACCENT_COLOR_NAME = AccentColor;
				CODE_SIGN_STYLE = Automatic;
				CURRENT_PROJECT_VERSION = 1;
				DEVELOPMENT_ASSET_PATHS = "\"SwiftUIListMusicApp/Preview Content\"";
				ENABLE_PREVIEWS = YES;
				GENERATE_INFOPLIST_FILE = YES;
				INFOPLIST_KEY_UIApplicationSceneManifest_Generation = YES;
				INFOPLIST_KEY_UIApplicationSupportsIndirectInputEvents = YES;
				INFOPLIST_KEY_UILaunchScreen_Generation = YES;
				INFOPLIST_KEY_UISupportedInterfaceOrientations_iPad = "UIInterfaceOrientationPortrait UIInterfaceOrientationPortraitUpsideDown UIInterfaceOrientationLandscapeLeft UIInterfaceOrientationLandscapeRight";
				INFOPLIST_KEY_UISupportedInterfaceOrientations_iPhone = "UIInterfaceOrientationPortrait UIInterfaceOrientationLandscapeLeft UIInterfaceOrientationLandscapeRight";
				LD_RUNPATH_SEARCH_PATHS = (
					"$(inherited)",
					"@executable_path/Frameworks",
				);
				MARKETING_VERSION = 1.0;
				PRODUCT_BUNDLE_IDENTIFIER = com.shivam.SwiftUIListMusicApp;
				PRODUCT_NAME = "$(TARGET_NAME)";
				SWIFT_EMIT_LOC_STRINGS = YES;
				SWIFT_VERSION = 5.0;
				TARGETED_DEVICE_FAMILY = "1,2";
			};
			name = Debug;
		};
		408C87552C3C36E50007E9C6 /* Release */ = {
			isa = XCBuildConfiguration;
			buildSettings = {
				ASSETCATALOG_COMPILER_APPICON_NAME = AppIcon;
				ASSETCATALOG_COMPILER_GLOBAL_ACCENT_COLOR_NAME = AccentColor;
				CODE_SIGN_STYLE = Automatic;
				CURRENT_PROJECT_VERSION = 1;
				DEVELOPMENT_ASSET_PATHS = "\"SwiftUIListMusicApp/Preview Content\"";
				ENABLE_PREVIEWS = YES;
				GENERATE_INFOPLIST_FILE = YES;
				INFOPLIST_KEY_UIApplicationSceneManifest_Generation = YES;
				INFOPLIST_KEY_UIApplicationSupportsIndirectInputEvents = YES;
				INFOPLIST_KEY_UILaunchScreen_Generation = YES;
				INFOPLIST_KEY_UISupportedInterfaceOrientations_iPad = "UIInterfaceOrientationPortrait UIInterfaceOrientationPortraitUpsideDown UIInterfaceOrientationLandscapeLeft UIInterfaceOrientationLandscapeRight";
				INFOPLIST_KEY_UISupportedInterfaceOrientations_iPhone = "UIInterfaceOrientationPortrait UIInterfaceOrientationLandscapeLeft UIInterfaceOrientationLandscapeRight";
				LD_RUNPATH_SEARCH_PATHS = (
					"$(inherited)",
					"@executable_path/Frameworks",
				);
				MARKETING_VERSION = 1.0;
				PRODUCT_BUNDLE_IDENTIFIER = com.shivam.SwiftUIListMusicApp;
				PRODUCT_NAME = "$(TARGET_NAME)";
				SWIFT_EMIT_LOC_STRINGS = YES;
				SWIFT_VERSION = 5.0;
				TARGETED_DEVICE_FAMILY = "1,2";
			};
			name = Release;
		};
		408C87572C3C36E50007E9C6 /* Debug */ = {
			isa = XCBuildConfiguration;
			buildSettings = {
				ALWAYS_EMBED_SWIFT_STANDARD_LIBRARIES = YES;
				BUNDLE_LOADER = "$(TEST_HOST)";
				CODE_SIGN_STYLE = Automatic;
				CURRENT_PROJECT_VERSION = 1;
				GENERATE_INFOPLIST_FILE = YES;
				IPHONEOS_DEPLOYMENT_TARGET = 16.4;
				MARKETING_VERSION = 1.0;
				PRODUCT_BUNDLE_IDENTIFIER = com.shivam.SwiftUIListMusicAppTests;
				PRODUCT_NAME = "$(TARGET_NAME)";
				SWIFT_EMIT_LOC_STRINGS = NO;
				SWIFT_VERSION = 5.0;
				TARGETED_DEVICE_FAMILY = "1,2";
				TEST_HOST = "$(BUILT_PRODUCTS_DIR)/SwiftUIListMusicApp.app/$(BUNDLE_EXECUTABLE_FOLDER_PATH)/SwiftUIListMusicApp";
			};
			name = Debug;
		};
		408C87582C3C36E50007E9C6 /* Release */ = {
			isa = XCBuildConfiguration;
			buildSettings = {
				ALWAYS_EMBED_SWIFT_STANDARD_LIBRARIES = YES;
				BUNDLE_LOADER = "$(TEST_HOST)";
				CODE_SIGN_STYLE = Automatic;
				CURRENT_PROJECT_VERSION = 1;
				GENERATE_INFOPLIST_FILE = YES;
				IPHONEOS_DEPLOYMENT_TARGET = 16.4;
				MARKETING_VERSION = 1.0;
				PRODUCT_BUNDLE_IDENTIFIER = com.shivam.SwiftUIListMusicAppTests;
				PRODUCT_NAME = "$(TARGET_NAME)";
				SWIFT_EMIT_LOC_STRINGS = NO;
				SWIFT_VERSION = 5.0;
				TARGETED_DEVICE_FAMILY = "1,2";
				TEST_HOST = "$(BUILT_PRODUCTS_DIR)/SwiftUIListMusicApp.app/$(BUNDLE_EXECUTABLE_FOLDER_PATH)/SwiftUIListMusicApp";
			};
			name = Release;
		};
		408C875A2C3C36E50007E9C6 /* Debug */ = {
			isa = XCBuildConfiguration;
			buildSettings = {
				ALWAYS_EMBED_SWIFT_STANDARD_LIBRARIES = YES;
				CODE_SIGN_STYLE = Automatic;
				CURRENT_PROJECT_VERSION = 1;
				GENERATE_INFOPLIST_FILE = YES;
				MARKETING_VERSION = 1.0;
				PRODUCT_BUNDLE_IDENTIFIER = com.shivam.SwiftUIListMusicAppUITests;
				PRODUCT_NAME = "$(TARGET_NAME)";
				SWIFT_EMIT_LOC_STRINGS = NO;
				SWIFT_VERSION = 5.0;
				TARGETED_DEVICE_FAMILY = "1,2";
				TEST_TARGET_NAME = SwiftUIListMusicApp;
			};
			name = Debug;
		};
		408C875B2C3C36E50007E9C6 /* Release */ = {
			isa = XCBuildConfiguration;
			buildSettings = {
				ALWAYS_EMBED_SWIFT_STANDARD_LIBRARIES = YES;
				CODE_SIGN_STYLE = Automatic;
				CURRENT_PROJECT_VERSION = 1;
				GENERATE_INFOPLIST_FILE = YES;
				MARKETING_VERSION = 1.0;
				PRODUCT_BUNDLE_IDENTIFIER = com.shivam.SwiftUIListMusicAppUITests;
				PRODUCT_NAME = "$(TARGET_NAME)";
				SWIFT_EMIT_LOC_STRINGS = NO;
				SWIFT_VERSION = 5.0;
				TARGETED_DEVICE_FAMILY = "1,2";
				TEST_TARGET_NAME = SwiftUIListMusicApp;
			};
			name = Release;
		};
/* End XCBuildConfiguration section */

/* Begin XCConfigurationList section */
		408C872A2C3C36E30007E9C6 /* Build configuration list for PBXProject "SwiftUIListMusicApp" */ = {
			isa = XCConfigurationList;
			buildConfigurations = (
				408C87512C3C36E50007E9C6 /* Debug */,
				408C87522C3C36E50007E9C6 /* Release */,
			);
			defaultConfigurationIsVisible = 0;
			defaultConfigurationName = Release;
		};
		408C87532C3C36E50007E9C6 /* Build configuration list for PBXNativeTarget "SwiftUIListMusicApp" */ = {
			isa = XCConfigurationList;
			buildConfigurations = (
				408C87542C3C36E50007E9C6 /* Debug */,
				408C87552C3C36E50007E9C6 /* Release */,
			);
			defaultConfigurationIsVisible = 0;
			defaultConfigurationName = Release;
		};
		408C87562C3C36E50007E9C6 /* Build configuration list for PBXNativeTarget "SwiftUIListMusicAppTests" */ = {
			isa = XCConfigurationList;
			buildConfigurations = (
				408C87572C3C36E50007E9C6 /* Debug */,
				408C87582C3C36E50007E9C6 /* Release */,
			);
			defaultConfigurationIsVisible = 0;
			defaultConfigurationName = Release;
		};
		408C87592C3C36E50007E9C6 /* Build configuration list for PBXNativeTarget "SwiftUIListMusicAppUITests" */ = {
			isa = XCConfigurationList;
			buildConfigurations = (
				408C875A2C3C36E50007E9C6 /* Debug */,
				408C875B2C3C36E50007E9C6 /* Release */,
			);
			defaultConfigurationIsVisible = 0;
			defaultConfigurationName = Release;
		};
/* End XCConfigurationList section */
	};
	rootObject = 408C87272C3C36E30007E9C6 /* Project object */;
}
