// !$*UTF8*$!
{
	archiveVersion = 1;
	classes = {
	};
	objectVersion = 56;
	objects = {

/* Begin PBXBuildFile section */
		4095B66A2C10DC78006174A7 /* StateTableViewCell.swift in Sources */ = {isa = PBXBuildFile; fileRef = 4095B6692C10DC78006174A7 /* StateTableViewCell.swift */; };
		40B5F6E42C10D69E00C9C897 /* AppDelegate.swift in Sources */ = {isa = PBXBuildFile; fileRef = 40B5F6E32C10D69E00C9C897 /* AppDelegate.swift */; };
		40B5F6E62C10D69E00C9C897 /* SceneDelegate.swift in Sources */ = {isa = PBXBuildFile; fileRef = 40B5F6E52C10D69E00C9C897 /* SceneDelegate.swift */; };
		40B5F6E82C10D69E00C9C897 /* StatesViewController.swift in Sources */ = {isa = PBXBuildFile; fileRef = 40B5F6E72C10D69E00C9C897 /* StatesViewController.swift */; };
		40B5F6EB2C10D69E00C9C897 /* Main.storyboard in Resources */ = {isa = PBXBuildFile; fileRef = 40B5F6E92C10D69E00C9C897 /* Main.storyboard */; };
		40B5F6ED2C10D6A300C9C897 /* Assets.xcassets in Resources */ = {isa = PBXBuildFile; fileRef = 40B5F6EC2C10D6A300C9C897 /* Assets.xcassets */; };
		40B5F6F02C10D6A300C9C897 /* LaunchScreen.storyboard in Resources */ = {isa = PBXBuildFile; fileRef = 40B5F6EE2C10D6A300C9C897 /* LaunchScreen.storyboard */; };
		40B5F6F82C10D74700C9C897 /* DataPList.plist in Resources */ = {isa = PBXBuildFile; fileRef = 40B5F6F72C10D74700C9C897 /* DataPList.plist */; };
/* End PBXBuildFile section */

/* Begin PBXFileReference section */
		4095B6692C10DC78006174A7 /* StateTableViewCell.swift */ = {isa = PBXFileReference; lastKnownFileType = sourcecode.swift; path = StateTableViewCell.swift; sourceTree = "<group>"; };
		40B5F6E02C10D69E00C9C897 /* TableViewPlist.app */ = {isa = PBXFileReference; explicitFileType = wrapper.application; includeInIndex = 0; path = TableViewPlist.app; sourceTree = BUILT_PRODUCTS_DIR; };
		40B5F6E32C10D69E00C9C897 /* AppDelegate.swift */ = {isa = PBXFileReference; lastKnownFileType = sourcecode.swift; path = AppDelegate.swift; sourceTree = "<group>"; };
		40B5F6E52C10D69E00C9C897 /* SceneDelegate.swift */ = {isa = PBXFileReference; lastKnownFileType = sourcecode.swift; path = SceneDelegate.swift; sourceTree = "<group>"; };
		40B5F6E72C10D69E00C9C897 /* StatesViewController.swift */ = {isa = PBXFileReference; lastKnownFileType = sourcecode.swift; path = StatesViewController.swift; sourceTree = "<group>"; };
		40B5F6EA2C10D69E00C9C897 /* Base */ = {isa = PBXFileReference; lastKnownFileType = file.storyboard; name = Base; path = Base.lproj/Main.storyboard; sourceTree = "<group>"; };
		40B5F6EC2C10D6A300C9C897 /* Assets.xcassets */ = {isa = PBXFileReference; lastKnownFileType = folder.assetcatalog; path = Assets.xcassets; sourceTree = "<group>"; };
		40B5F6EF2C10D6A300C9C897 /* Base */ = {isa = PBXFileReference; lastKnownFileType = file.storyboard; name = Base; path = Base.lproj/LaunchScreen.storyboard; sourceTree = "<group>"; };
		40B5F6F12C10D6A300C9C897 /* Info.plist */ = {isa = PBXFileReference; lastKnownFileType = text.plist.xml; path = Info.plist; sourceTree = "<group>"; };
		40B5F6F72C10D74700C9C897 /* DataPList.plist */ = {isa = PBXFileReference; lastKnownFileType = text.plist.xml; path = DataPList.plist; sourceTree = "<group>"; };
/* End PBXFileReference section */

/* Begin PBXFrameworksBuildPhase section */
		40B5F6DD2C10D69E00C9C897 /* Frameworks */ = {
			isa = PBXFrameworksBuildPhase;
			buildActionMask = 2147483647;
			files = (
			);
			runOnlyForDeploymentPostprocessing = 0;
		};
/* End PBXFrameworksBuildPhase section */

/* Begin PBXGroup section */
		40B5F6D72C10D69E00C9C897 = {
			isa = PBXGroup;
			children = (
				40B5F6E22C10D69E00C9C897 /* TableViewPlist */,
				40B5F6E12C10D69E00C9C897 /* Products */,
			);
			sourceTree = "<group>";
		};
		40B5F6E12C10D69E00C9C897 /* Products */ = {
			isa = PBXGroup;
			children = (
				40B5F6E02C10D69E00C9C897 /* TableViewPlist.app */,
			);
			name = Products;
			sourceTree = "<group>";
		};
		40B5F6E22C10D69E00C9C897 /* TableViewPlist */ = {
			isa = PBXGroup;
			children = (
				40B5F6E32C10D69E00C9C897 /* AppDelegate.swift */,
				40B5F6E52C10D69E00C9C897 /* SceneDelegate.swift */,
				40B5F6E72C10D69E00C9C897 /* StatesViewController.swift */,
				40B5F6E92C10D69E00C9C897 /* Main.storyboard */,
				40B5F6EC2C10D6A300C9C897 /* Assets.xcassets */,
				40B5F6EE2C10D6A300C9C897 /* LaunchScreen.storyboard */,
				40B5F6F12C10D6A300C9C897 /* Info.plist */,
				40B5F6F72C10D74700C9C897 /* DataPList.plist */,
				4095B6692C10DC78006174A7 /* StateTableViewCell.swift */,
			);
			path = TableViewPlist;
			sourceTree = "<group>";
		};
/* End PBXGroup section */

/* Begin PBXNativeTarget section */
		40B5F6DF2C10D69E00C9C897 /* TableViewPlist */ = {
			isa = PBXNativeTarget;
			buildConfigurationList = 40B5F6F42C10D6A300C9C897 /* Build configuration list for PBXNativeTarget "TableViewPlist" */;
			buildPhases = (
				40B5F6DC2C10D69E00C9C897 /* Sources */,
				40B5F6DD2C10D69E00C9C897 /* Frameworks */,
				40B5F6DE2C10D69E00C9C897 /* Resources */,
			);
			buildRules = (
			);
			dependencies = (
			);
			name = TableViewPlist;
			productName = TableViewPlist;
			productReference = 40B5F6E02C10D69E00C9C897 /* TableViewPlist.app */;
			productType = "com.apple.product-type.application";
		};
/* End PBXNativeTarget section */

/* Begin PBXProject section */
		40B5F6D82C10D69E00C9C897 /* Project object */ = {
			isa = PBXProject;
			attributes = {
				BuildIndependentTargetsInParallel = 1;
				LastSwiftUpdateCheck = 1430;
				LastUpgradeCheck = 1430;
				TargetAttributes = {
					40B5F6DF2C10D69E00C9C897 = {
						CreatedOnToolsVersion = 14.3.1;
					};
				};
			};
			buildConfigurationList = 40B5F6DB2C10D69E00C9C897 /* Build configuration list for PBXProject "TableViewPlist" */;
			compatibilityVersion = "Xcode 14.0";
			developmentRegion = en;
			hasScannedForEncodings = 0;
			knownRegions = (
				en,
				Base,
			);
			mainGroup = 40B5F6D72C10D69E00C9C897;
			productRefGroup = 40B5F6E12C10D69E00C9C897 /* Products */;
			projectDirPath = "";
			projectRoot = "";
			targets = (
				40B5F6DF2C10D69E00C9C897 /* TableViewPlist */,
			);
		};
/* End PBXProject section */

/* Begin PBXResourcesBuildPhase section */
		40B5F6DE2C10D69E00C9C897 /* Resources */ = {
			isa = PBXResourcesBuildPhase;
			buildActionMask = 2147483647;
			files = (
				40B5F6F02C10D6A300C9C897 /* LaunchScreen.storyboard in Resources */,
				40B5F6ED2C10D6A300C9C897 /* Assets.xcassets in Resources */,
				40B5F6EB2C10D69E00C9C897 /* Main.storyboard in Resources */,
				40B5F6F82C10D74700C9C897 /* DataPList.plist in Resources */,
			);
			runOnlyForDeploymentPostprocessing = 0;
		};
/* End PBXResourcesBuildPhase section */

/* Begin PBXSourcesBuildPhase section */
		40B5F6DC2C10D69E00C9C897 /* Sources */ = {
			isa = PBXSourcesBuildPhase;
			buildActionMask = 2147483647;
			files = (
				40B5F6E82C10D69E00C9C897 /* StatesViewController.swift in Sources */,
				40B5F6E42C10D69E00C9C897 /* AppDelegate.swift in Sources */,
				40B5F6E62C10D69E00C9C897 /* SceneDelegate.swift in Sources */,
				4095B66A2C10DC78006174A7 /* StateTableViewCell.swift in Sources */,
			);
			runOnlyForDeploymentPostprocessing = 0;
		};
/* End PBXSourcesBuildPhase section */

/* Begin PBXVariantGroup section */
		40B5F6E92C10D69E00C9C897 /* Main.storyboard */ = {
			isa = PBXVariantGroup;
			children = (
				40B5F6EA2C10D69E00C9C897 /* Base */,
			);
			name = Main.storyboard;
			sourceTree = "<group>";
		};
		40B5F6EE2C10D6A300C9C897 /* LaunchScreen.storyboard */ = {
			isa = PBXVariantGroup;
			children = (
				40B5F6EF2C10D6A300C9C897 /* Base */,
			);
			name = LaunchScreen.storyboard;
			sourceTree = "<group>";
		};
/* End PBXVariantGroup section */

/* Begin XCBuildConfiguration section */
		40B5F6F22C10D6A300C9C897 /* Debug */ = {
			isa = XCBuildConfiguration;
			buildSettings = {
				ALWAYS_SEARCH_USER_PATHS = NO;
				CLANG_ANALYZER_NONNULL = YES;
				CLANG_ANALYZER_NUMBER_OBJECT_CONVERSION = YES_AGGRESSIVE;
				CLANG_CXX_LANGUAGE_STANDARD = "gnu++20";
				CLANG_ENABLE_MODULES = YES;
				CLANG_ENABLE_OBJC_ARC = YES;
				CLANG_ENABLE_OBJC_WEAK = YES;
				CLANG_WARN_BLOCK_CAPTURE_AUTORELEASING = YES;
				CLANG_WARN_BOOL_CONVERSION = YES;
				CLANG_WARN_COMMA = YES;
				CLANG_WARN_CONSTANT_CONVERSION = YES;
				CLANG_WARN_DEPRECATED_OBJC_IMPLEMENTATIONS = YES;
				CLANG_WARN_DIRECT_OBJC_ISA_USAGE = YES_ERROR;
				CLANG_WARN_DOCUMENTATION_COMMENTS = YES;
				CLANG_WARN_EMPTY_BODY = YES;
				CLANG_WARN_ENUM_CONVERSION = YES;
				CLANG_WARN_INFINITE_RECURSION = YES;
				CLANG_WARN_INT_CONVERSION = YES;
				CLANG_WARN_NON_LITERAL_NULL_CONVERSION = YES;
				CLANG_WARN_OBJC_IMPLICIT_RETAIN_SELF = YES;
				CLANG_WARN_OBJC_LITERAL_CONVERSION = YES;
				CLANG_WARN_OBJC_ROOT_CLASS = YES_ERROR;
				CLANG_WARN_QUOTED_INCLUDE_IN_FRAMEWORK_HEADER = YES;
				CLANG_WARN_RANGE_LOOP_ANALYSIS = YES;
				CLANG_WARN_STRICT_PROTOTYPES = YES;
				CLANG_WARN_SUSPICIOUS_MOVE = YES;
				CLANG_WARN_UNGUARDED_AVAILABILITY = YES_AGGRESSIVE;
				CLANG_WARN_UNREACHABLE_CODE = YES;
				CLANG_WARN__DUPLICATE_METHOD_MATCH = YES;
				COPY_PHASE_STRIP = NO;
				DEBUG_INFORMATION_FORMAT = dwarf;
				ENABLE_STRICT_OBJC_MSGSEND = YES;
				ENABLE_TESTABILITY = YES;
				GCC_C_LANGUAGE_STANDARD = gnu11;
				GCC_DYNAMIC_NO_PIC = NO;
				GCC_NO_COMMON_BLOCKS = YES;
				GCC_OPTIMIZATION_LEVEL = 0;
				GCC_PREPROCESSOR_DEFINITIONS = (
					"DEBUG=1",
					"$(inherited)",
				);
				GCC_WARN_64_TO_32_BIT_CONVERSION = YES;
				GCC_WARN_ABOUT_RETURN_TYPE = YES_ERROR;
				GCC_WARN_UNDECLARED_SELECTOR = YES;
				GCC_WARN_UNINITIALIZED_AUTOS = YES_AGGRESSIVE;
				GCC_WARN_UNUSED_FUNCTION = YES;
				GCC_WARN_UNUSED_VARIABLE = YES;
				IPHONEOS_DEPLOYMENT_TARGET = 16.4;
				MTL_ENABLE_DEBUG_INFO = INCLUDE_SOURCE;
				MTL_FAST_MATH = YES;
				ONLY_ACTIVE_ARCH = YES;
				SDKROOT = iphoneos;
				SWIFT_ACTIVE_COMPILATION_CONDITIONS = DEBUG;
				SWIFT_OPTIMIZATION_LEVEL = "-Onone";
			};
			name = Debug;
		};
		40B5F6F32C10D6A300C9C897 /* Release */ = {
			isa = XCBuildConfiguration;
			buildSettings = {
				ALWAYS_SEARCH_USER_PATHS = NO;
				CLANG_ANALYZER_NONNULL = YES;
				CLANG_ANALYZER_NUMBER_OBJECT_CONVERSION = YES_AGGRESSIVE;
				CLANG_CXX_LANGUAGE_STANDARD = "gnu++20";
				CLANG_ENABLE_MODULES = YES;
				CLANG_ENABLE_OBJC_ARC = YES;
				CLANG_ENABLE_OBJC_WEAK = YES;
				CLANG_WARN_BLOCK_CAPTURE_AUTORELEASING = YES;
				CLANG_WARN_BOOL_CONVERSION = YES;
				CLANG_WARN_COMMA = YES;
				CLANG_WARN_CONSTANT_CONVERSION = YES;
				CLANG_WARN_DEPRECATED_OBJC_IMPLEMENTATIONS = YES;
				CLANG_WARN_DIRECT_OBJC_ISA_USAGE = YES_ERROR;
				CLANG_WARN_DOCUMENTATION_COMMENTS = YES;
				CLANG_WARN_EMPTY_BODY = YES;
				CLANG_WARN_ENUM_CONVERSION = YES;
				CLANG_WARN_INFINITE_RECURSION = YES;
				CLANG_WARN_INT_CONVERSION = YES;
				CLANG_WARN_NON_LITERAL_NULL_CONVERSION = YES;
				CLANG_WARN_OBJC_IMPLICIT_RETAIN_SELF = YES;
				CLANG_WARN_OBJC_LITERAL_CONVERSION = YES;
				CLANG_WARN_OBJC_ROOT_CLASS = YES_ERROR;
				CLANG_WARN_QUOTED_INCLUDE_IN_FRAMEWORK_HEADER = YES;
				CLANG_WARN_RANGE_LOOP_ANALYSIS = YES;
				CLANG_WARN_STRICT_PROTOTYPES = YES;
				CLANG_WARN_SUSPICIOUS_MOVE = YES;
				CLANG_WARN_UNGUARDED_AVAILABILITY = YES_AGGRESSIVE;
				CLANG_WARN_UNREACHABLE_CODE = YES;
				CLANG_WARN__DUPLICATE_METHOD_MATCH = YES;
				COPY_PHASE_STRIP = NO;
				DEBUG_INFORMATION_FORMAT = "dwarf-with-dsym";
				ENABLE_NS_ASSERTIONS = NO;
				ENABLE_STRICT_OBJC_MSGSEND = YES;
				GCC_C_LANGUAGE_STANDARD = gnu11;
				GCC_NO_COMMON_BLOCKS = YES;
				GCC_WARN_64_TO_32_BIT_CONVERSION = YES;
				GCC_WARN_ABOUT_RETURN_TYPE = YES_ERROR;
				GCC_WARN_UNDECLARED_SELECTOR = YES;
				GCC_WARN_UNINITIALIZED_AUTOS = YES_AGGRESSIVE;
				GCC_WARN_UNUSED_FUNCTION = YES;
				GCC_WARN_UNUSED_VARIABLE = YES;
				IPHONEOS_DEPLOYMENT_TARGET = 16.4;
				MTL_ENABLE_DEBUG_INFO = NO;
				MTL_FAST_MATH = YES;
				SDKROOT = iphoneos;
				SWIFT_COMPILATION_MODE = wholemodule;
				SWIFT_OPTIMIZATION_LEVEL = "-O";
				VALIDATE_PRODUCT = YES;
			};
			name = Release;
		};
		40B5F6F52C10D6A300C9C897 /* Debug */ = {
			isa = XCBuildConfiguration;
			buildSettings = {
				ASSETCATALOG_COMPILER_APPICON_NAME = AppIcon;
				ASSETCATALOG_COMPILER_GLOBAL_ACCENT_COLOR_NAME = AccentColor;
				CODE_SIGN_STYLE = Automatic;
				CURRENT_PROJECT_VERSION = 1;
				GENERATE_INFOPLIST_FILE = YES;
				INFOPLIST_FILE = TableViewPlist/Info.plist;
				INFOPLIST_KEY_UIApplicationSupportsIndirectInputEvents = YES;
				INFOPLIST_KEY_UILaunchStoryboardName = LaunchScreen;
				INFOPLIST_KEY_UIMainStoryboardFile = Main;
				INFOPLIST_KEY_UISupportedInterfaceOrientations_iPad = "UIInterfaceOrientationPortrait UIInterfaceOrientationPortraitUpsideDown UIInterfaceOrientationLandscapeLeft UIInterfaceOrientationLandscapeRight";
				INFOPLIST_KEY_UISupportedInterfaceOrientations_iPhone = "UIInterfaceOrientationPortrait UIInterfaceOrientationLandscapeLeft UIInterfaceOrientationLandscapeRight";
				LD_RUNPATH_SEARCH_PATHS = (
					"$(inherited)",
					"@executable_path/Frameworks",
				);
				MARKETING_VERSION = 1.0;
				PRODUCT_BUNDLE_IDENTIFIER = com.shivam.TableViewPlist;
				PRODUCT_NAME = "$(TARGET_NAME)";
				SWIFT_EMIT_LOC_STRINGS = YES;
				SWIFT_VERSION = 5.0;
				TARGETED_DEVICE_FAMILY = "1,2";
			};
			name = Debug;
		};
		40B5F6F62C10D6A300C9C897 /* Release */ = {
			isa = XCBuildConfiguration;
			buildSettings = {
				ASSETCATALOG_COMPILER_APPICON_NAME = AppIcon;
				ASSETCATALOG_COMPILER_GLOBAL_ACCENT_COLOR_NAME = AccentColor;
				CODE_SIGN_STYLE = Automatic;
				CURRENT_PROJECT_VERSION = 1;
				GENERATE_INFOPLIST_FILE = YES;
				INFOPLIST_FILE = TableViewPlist/Info.plist;
				INFOPLIST_KEY_UIApplicationSupportsIndirectInputEvents = YES;
				INFOPLIST_KEY_UILaunchStoryboardName = LaunchScreen;
				INFOPLIST_KEY_UIMainStoryboardFile = Main;
				INFOPLIST_KEY_UISupportedInterfaceOrientations_iPad = "UIInterfaceOrientationPortrait UIInterfaceOrientationPortraitUpsideDown UIInterfaceOrientationLandscapeLeft UIInterfaceOrientationLandscapeRight";
				INFOPLIST_KEY_UISupportedInterfaceOrientations_iPhone = "UIInterfaceOrientationPortrait UIInterfaceOrientationLandscapeLeft UIInterfaceOrientationLandscapeRight";
				LD_RUNPATH_SEARCH_PATHS = (
					"$(inherited)",
					"@executable_path/Frameworks",
				);
				MARKETING_VERSION = 1.0;
				PRODUCT_BUNDLE_IDENTIFIER = com.shivam.TableViewPlist;
				PRODUCT_NAME = "$(TARGET_NAME)";
				SWIFT_EMIT_LOC_STRINGS = YES;
				SWIFT_VERSION = 5.0;
				TARGETED_DEVICE_FAMILY = "1,2";
			};
			name = Release;
		};
/* End XCBuildConfiguration section */

/* Begin XCConfigurationList section */
		40B5F6DB2C10D69E00C9C897 /* Build configuration list for PBXProject "TableViewPlist" */ = {
			isa = XCConfigurationList;
			buildConfigurations = (
				40B5F6F22C10D6A300C9C897 /* Debug */,
				40B5F6F32C10D6A300C9C897 /* Release */,
			);
			defaultConfigurationIsVisible = 0;
			defaultConfigurationName = Release;
		};
		40B5F6F42C10D6A300C9C897 /* Build configuration list for PBXNativeTarget "TableViewPlist" */ = {
			isa = XCConfigurationList;
			buildConfigurations = (
				40B5F6F52C10D6A300C9C897 /* Debug */,
				40B5F6F62C10D6A300C9C897 /* Release */,
			);
			defaultConfigurationIsVisible = 0;
			defaultConfigurationName = Release;
		};
/* End XCConfigurationList section */
	};
	rootObject = 40B5F6D82C10D69E00C9C897 /* Project object */;
}
