// !$*UTF8*$!
{
	archiveVersion = 1;
	classes = {
	};
	objectVersion = 56;
	objects = {

/* Begin PBXBuildFile section */
		406CB7162C0F6A26000A3D83 /* AppDelegate.swift in Sources */ = {isa = PBXBuildFile; fileRef = 406CB7152C0F6A26000A3D83 /* AppDelegate.swift */; };
		406CB7182C0F6A26000A3D83 /* SceneDelegate.swift in Sources */ = {isa = PBXBuildFile; fileRef = 406CB7172C0F6A26000A3D83 /* SceneDelegate.swift */; };
		406CB71A2C0F6A26000A3D83 /* ViewController.swift in Sources */ = {isa = PBXBuildFile; fileRef = 406CB7192C0F6A26000A3D83 /* ViewController.swift */; };
		406CB71D2C0F6A26000A3D83 /* Main.storyboard in Resources */ = {isa = PBXBuildFile; fileRef = 406CB71B2C0F6A26000A3D83 /* Main.storyboard */; };
		406CB71F2C0F6A2A000A3D83 /* Assets.xcassets in Resources */ = {isa = PBXBuildFile; fileRef = 406CB71E2C0F6A2A000A3D83 /* Assets.xcassets */; };
		406CB7222C0F6A2A000A3D83 /* LaunchScreen.storyboard in Resources */ = {isa = PBXBuildFile; fileRef = 406CB7202C0F6A2A000A3D83 /* LaunchScreen.storyboard */; };
		406CB72A2C0F6D00000A3D83 /* TableViewCell.swift in Sources */ = {isa = PBXBuildFile; fileRef = 406CB7292C0F6D00000A3D83 /* TableViewCell.swift */; };
		406CB72C2C0F7043000A3D83 /* DataModels.swift in Sources */ = {isa = PBXBuildFile; fileRef = 406CB72B2C0F7043000A3D83 /* DataModels.swift */; };
		406CB72E2C0F73C1000A3D83 /* CollectionViewCell.swift in Sources */ = {isa = PBXBuildFile; fileRef = 406CB72D2C0F73C1000A3D83 /* CollectionViewCell.swift */; };
		406CB7302C0F7D58000A3D83 /* MovieDetailViewController.swift in Sources */ = {isa = PBXBuildFile; fileRef = 406CB72F2C0F7D58000A3D83 /* MovieDetailViewController.swift */; };
		406CB7322C0F801C000A3D83 /* MovieListViewController.swift in Sources */ = {isa = PBXBuildFile; fileRef = 406CB7312C0F801C000A3D83 /* MovieListViewController.swift */; };
		406CB7342C0F8092000A3D83 /* MovieListTableViewCell.swift in Sources */ = {isa = PBXBuildFile; fileRef = 406CB7332C0F8092000A3D83 /* MovieListTableViewCell.swift */; };
/* End PBXBuildFile section */

/* Begin PBXFileReference section */
		406CB7122C0F6A26000A3D83 /* TableViewCollectionView.app */ = {isa = PBXFileReference; explicitFileType = wrapper.application; includeInIndex = 0; path = TableViewCollectionView.app; sourceTree = BUILT_PRODUCTS_DIR; };
		406CB7152C0F6A26000A3D83 /* AppDelegate.swift */ = {isa = PBXFileReference; lastKnownFileType = sourcecode.swift; path = AppDelegate.swift; sourceTree = "<group>"; };
		406CB7172C0F6A26000A3D83 /* SceneDelegate.swift */ = {isa = PBXFileReference; lastKnownFileType = sourcecode.swift; path = SceneDelegate.swift; sourceTree = "<group>"; };
		406CB7192C0F6A26000A3D83 /* ViewController.swift */ = {isa = PBXFileReference; lastKnownFileType = sourcecode.swift; path = ViewController.swift; sourceTree = "<group>"; };
		406CB71C2C0F6A26000A3D83 /* Base */ = {isa = PBXFileReference; lastKnownFileType = file.storyboard; name = Base; path = Base.lproj/Main.storyboard; sourceTree = "<group>"; };
		406CB71E2C0F6A2A000A3D83 /* Assets.xcassets */ = {isa = PBXFileReference; lastKnownFileType = folder.assetcatalog; path = Assets.xcassets; sourceTree = "<group>"; };
		406CB7212C0F6A2A000A3D83 /* Base */ = {isa = PBXFileReference; lastKnownFileType = file.storyboard; name = Base; path = Base.lproj/LaunchScreen.storyboard; sourceTree = "<group>"; };
		406CB7232C0F6A2A000A3D83 /* Info.plist */ = {isa = PBXFileReference; lastKnownFileType = text.plist.xml; path = Info.plist; sourceTree = "<group>"; };
		406CB7292C0F6D00000A3D83 /* TableViewCell.swift */ = {isa = PBXFileReference; lastKnownFileType = sourcecode.swift; path = TableViewCell.swift; sourceTree = "<group>"; };
		406CB72B2C0F7043000A3D83 /* DataModels.swift */ = {isa = PBXFileReference; lastKnownFileType = sourcecode.swift; path = DataModels.swift; sourceTree = "<group>"; };
		406CB72D2C0F73C1000A3D83 /* CollectionViewCell.swift */ = {isa = PBXFileReference; lastKnownFileType = sourcecode.swift; path = CollectionViewCell.swift; sourceTree = "<group>"; };
		406CB72F2C0F7D58000A3D83 /* MovieDetailViewController.swift */ = {isa = PBXFileReference; lastKnownFileType = sourcecode.swift; path = MovieDetailViewController.swift; sourceTree = "<group>"; };
		406CB7312C0F801C000A3D83 /* MovieListViewController.swift */ = {isa = PBXFileReference; lastKnownFileType = sourcecode.swift; path = MovieListViewController.swift; sourceTree = "<group>"; };
		406CB7332C0F8092000A3D83 /* MovieListTableViewCell.swift */ = {isa = PBXFileReference; lastKnownFileType = sourcecode.swift; path = MovieListTableViewCell.swift; sourceTree = "<group>"; };
/* End PBXFileReference section */

/* Begin PBXFrameworksBuildPhase section */
		406CB70F2C0F6A26000A3D83 /* Frameworks */ = {
			isa = PBXFrameworksBuildPhase;
			buildActionMask = 2147483647;
			files = (
			);
			runOnlyForDeploymentPostprocessing = 0;
		};
/* End PBXFrameworksBuildPhase section */

/* Begin PBXGroup section */
		406CB7092C0F6A26000A3D83 = {
			isa = PBXGroup;
			children = (
				406CB7142C0F6A26000A3D83 /* TableViewCollectionView */,
				406CB7132C0F6A26000A3D83 /* Products */,
			);
			sourceTree = "<group>";
		};
		406CB7132C0F6A26000A3D83 /* Products */ = {
			isa = PBXGroup;
			children = (
				406CB7122C0F6A26000A3D83 /* TableViewCollectionView.app */,
			);
			name = Products;
			sourceTree = "<group>";
		};
		406CB7142C0F6A26000A3D83 /* TableViewCollectionView */ = {
			isa = PBXGroup;
			children = (
				406CB7152C0F6A26000A3D83 /* AppDelegate.swift */,
				406CB7172C0F6A26000A3D83 /* SceneDelegate.swift */,
				406CB7192C0F6A26000A3D83 /* ViewController.swift */,
				406CB71B2C0F6A26000A3D83 /* Main.storyboard */,
				406CB71E2C0F6A2A000A3D83 /* Assets.xcassets */,
				406CB7202C0F6A2A000A3D83 /* LaunchScreen.storyboard */,
				406CB7232C0F6A2A000A3D83 /* Info.plist */,
				406CB7292C0F6D00000A3D83 /* TableViewCell.swift */,
				406CB72B2C0F7043000A3D83 /* DataModels.swift */,
				406CB72D2C0F73C1000A3D83 /* CollectionViewCell.swift */,
				406CB72F2C0F7D58000A3D83 /* MovieDetailViewController.swift */,
				406CB7312C0F801C000A3D83 /* MovieListViewController.swift */,
				406CB7332C0F8092000A3D83 /* MovieListTableViewCell.swift */,
			);
			path = TableViewCollectionView;
			sourceTree = "<group>";
		};
/* End PBXGroup section */

/* Begin PBXNativeTarget section */
		406CB7112C0F6A26000A3D83 /* TableViewCollectionView */ = {
			isa = PBXNativeTarget;
			buildConfigurationList = 406CB7262C0F6A2A000A3D83 /* Build configuration list for PBXNativeTarget "TableViewCollectionView" */;
			buildPhases = (
				406CB70E2C0F6A26000A3D83 /* Sources */,
				406CB70F2C0F6A26000A3D83 /* Frameworks */,
				406CB7102C0F6A26000A3D83 /* Resources */,
			);
			buildRules = (
			);
			dependencies = (
			);
			name = TableViewCollectionView;
			productName = TableViewCollectionView;
			productReference = 406CB7122C0F6A26000A3D83 /* TableViewCollectionView.app */;
			productType = "com.apple.product-type.application";
		};
/* End PBXNativeTarget section */

/* Begin PBXProject section */
		406CB70A2C0F6A26000A3D83 /* Project object */ = {
			isa = PBXProject;
			attributes = {
				BuildIndependentTargetsInParallel = 1;
				LastSwiftUpdateCheck = 1430;
				LastUpgradeCheck = 1430;
				TargetAttributes = {
					406CB7112C0F6A26000A3D83 = {
						CreatedOnToolsVersion = 14.3.1;
					};
				};
			};
			buildConfigurationList = 406CB70D2C0F6A26000A3D83 /* Build configuration list for PBXProject "TableViewCollectionView" */;
			compatibilityVersion = "Xcode 14.0";
			developmentRegion = en;
			hasScannedForEncodings = 0;
			knownRegions = (
				en,
				Base,
			);
			mainGroup = 406CB7092C0F6A26000A3D83;
			productRefGroup = 406CB7132C0F6A26000A3D83 /* Products */;
			projectDirPath = "";
			projectRoot = "";
			targets = (
				406CB7112C0F6A26000A3D83 /* TableViewCollectionView */,
			);
		};
/* End PBXProject section */

/* Begin PBXResourcesBuildPhase section */
		406CB7102C0F6A26000A3D83 /* Resources */ = {
			isa = PBXResourcesBuildPhase;
			buildActionMask = 2147483647;
			files = (
				406CB7222C0F6A2A000A3D83 /* LaunchScreen.storyboard in Resources */,
				406CB71F2C0F6A2A000A3D83 /* Assets.xcassets in Resources */,
				406CB71D2C0F6A26000A3D83 /* Main.storyboard in Resources */,
			);
			runOnlyForDeploymentPostprocessing = 0;
		};
/* End PBXResourcesBuildPhase section */

/* Begin PBXSourcesBuildPhase section */
		406CB70E2C0F6A26000A3D83 /* Sources */ = {
			isa = PBXSourcesBuildPhase;
			buildActionMask = 2147483647;
			files = (
				406CB71A2C0F6A26000A3D83 /* ViewController.swift in Sources */,
				406CB72A2C0F6D00000A3D83 /* TableViewCell.swift in Sources */,
				406CB72E2C0F73C1000A3D83 /* CollectionViewCell.swift in Sources */,
				406CB7322C0F801C000A3D83 /* MovieListViewController.swift in Sources */,
				406CB72C2C0F7043000A3D83 /* DataModels.swift in Sources */,
				406CB7302C0F7D58000A3D83 /* MovieDetailViewController.swift in Sources */,
				406CB7162C0F6A26000A3D83 /* AppDelegate.swift in Sources */,
				406CB7342C0F8092000A3D83 /* MovieListTableViewCell.swift in Sources */,
				406CB7182C0F6A26000A3D83 /* SceneDelegate.swift in Sources */,
			);
			runOnlyForDeploymentPostprocessing = 0;
		};
/* End PBXSourcesBuildPhase section */

/* Begin PBXVariantGroup section */
		406CB71B2C0F6A26000A3D83 /* Main.storyboard */ = {
			isa = PBXVariantGroup;
			children = (
				406CB71C2C0F6A26000A3D83 /* Base */,
			);
			name = Main.storyboard;
			sourceTree = "<group>";
		};
		406CB7202C0F6A2A000A3D83 /* LaunchScreen.storyboard */ = {
			isa = PBXVariantGroup;
			children = (
				406CB7212C0F6A2A000A3D83 /* Base */,
			);
			name = LaunchScreen.storyboard;
			sourceTree = "<group>";
		};
/* End PBXVariantGroup section */

/* Begin XCBuildConfiguration section */
		406CB7242C0F6A2A000A3D83 /* Debug */ = {
			isa = XCBuildConfiguration;
			buildSettings = {
				ALWAYS_SEARCH_USER_PATHS = NO;
				CLANG_ANALYZER_NONNULL = YES;
				CLANG_ANALYZER_NUMBER_OBJECT_CONVERSION = YES_AGGRESSIVE;
				CLANG_CXX_LANGUAGE_STANDARD = "gnu++20";
				CLANG_ENABLE_MODULES = YES;
				CLANG_ENABLE_OBJC_ARC = YES;
				CLANG_ENABLE_OBJC_WEAK = YES;
				CLANG_WARN_BLOCK_CAPTURE_AUTORELEASING = YES;
				CLANG_WARN_BOOL_CONVERSION = YES;
				CLANG_WARN_COMMA = YES;
				CLANG_WARN_CONSTANT_CONVERSION = YES;
				CLANG_WARN_DEPRECATED_OBJC_IMPLEMENTATIONS = YES;
				CLANG_WARN_DIRECT_OBJC_ISA_USAGE = YES_ERROR;
				CLANG_WARN_DOCUMENTATION_COMMENTS = YES;
				CLANG_WARN_EMPTY_BODY = YES;
				CLANG_WARN_ENUM_CONVERSION = YES;
				CLANG_WARN_INFINITE_RECURSION = YES;
				CLANG_WARN_INT_CONVERSION = YES;
				CLANG_WARN_NON_LITERAL_NULL_CONVERSION = YES;
				CLANG_WARN_OBJC_IMPLICIT_RETAIN_SELF = YES;
				CLANG_WARN_OBJC_LITERAL_CONVERSION = YES;
				CLANG_WARN_OBJC_ROOT_CLASS = YES_ERROR;
				CLANG_WARN_QUOTED_INCLUDE_IN_FRAMEWORK_HEADER = YES;
				CLANG_WARN_RANGE_LOOP_ANALYSIS = YES;
				CLANG_WARN_STRICT_PROTOTYPES = YES;
				CLANG_WARN_SUSPICIOUS_MOVE = YES;
				CLANG_WARN_UNGUARDED_AVAILABILITY = YES_AGGRESSIVE;
				CLANG_WARN_UNREACHABLE_CODE = YES;
				CLANG_WARN__DUPLICATE_METHOD_MATCH = YES;
				COPY_PHASE_STRIP = NO;
				DEBUG_INFORMATION_FORMAT = dwarf;
				ENABLE_STRICT_OBJC_MSGSEND = YES;
				ENABLE_TESTABILITY = YES;
				GCC_C_LANGUAGE_STANDARD = gnu11;
				GCC_DYNAMIC_NO_PIC = NO;
				GCC_NO_COMMON_BLOCKS = YES;
				GCC_OPTIMIZATION_LEVEL = 0;
				GCC_PREPROCESSOR_DEFINITIONS = (
					"DEBUG=1",
					"$(inherited)",
				);
				GCC_WARN_64_TO_32_BIT_CONVERSION = YES;
				GCC_WARN_ABOUT_RETURN_TYPE = YES_ERROR;
				GCC_WARN_UNDECLARED_SELECTOR = YES;
				GCC_WARN_UNINITIALIZED_AUTOS = YES_AGGRESSIVE;
				GCC_WARN_UNUSED_FUNCTION = YES;
				GCC_WARN_UNUSED_VARIABLE = YES;
				IPHONEOS_DEPLOYMENT_TARGET = 16.4;
				MTL_ENABLE_DEBUG_INFO = INCLUDE_SOURCE;
				MTL_FAST_MATH = YES;
				ONLY_ACTIVE_ARCH = YES;
				SDKROOT = iphoneos;
				SWIFT_ACTIVE_COMPILATION_CONDITIONS = DEBUG;
				SWIFT_OPTIMIZATION_LEVEL = "-Onone";
			};
			name = Debug;
		};
		406CB7252C0F6A2A000A3D83 /* Release */ = {
			isa = XCBuildConfiguration;
			buildSettings = {
				ALWAYS_SEARCH_USER_PATHS = NO;
				CLANG_ANALYZER_NONNULL = YES;
				CLANG_ANALYZER_NUMBER_OBJECT_CONVERSION = YES_AGGRESSIVE;
				CLANG_CXX_LANGUAGE_STANDARD = "gnu++20";
				CLANG_ENABLE_MODULES = YES;
				CLANG_ENABLE_OBJC_ARC = YES;
				CLANG_ENABLE_OBJC_WEAK = YES;
				CLANG_WARN_BLOCK_CAPTURE_AUTORELEASING = YES;
				CLANG_WARN_BOOL_CONVERSION = YES;
				CLANG_WARN_COMMA = YES;
				CLANG_WARN_CONSTANT_CONVERSION = YES;
				CLANG_WARN_DEPRECATED_OBJC_IMPLEMENTATIONS = YES;
				CLANG_WARN_DIRECT_OBJC_ISA_USAGE = YES_ERROR;
				CLANG_WARN_DOCUMENTATION_COMMENTS = YES;
				CLANG_WARN_EMPTY_BODY = YES;
				CLANG_WARN_ENUM_CONVERSION = YES;
				CLANG_WARN_INFINITE_RECURSION = YES;
				CLANG_WARN_INT_CONVERSION = YES;
				CLANG_WARN_NON_LITERAL_NULL_CONVERSION = YES;
				CLANG_WARN_OBJC_IMPLICIT_RETAIN_SELF = YES;
				CLANG_WARN_OBJC_LITERAL_CONVERSION = YES;
				CLANG_WARN_OBJC_ROOT_CLASS = YES_ERROR;
				CLANG_WARN_QUOTED_INCLUDE_IN_FRAMEWORK_HEADER = YES;
				CLANG_WARN_RANGE_LOOP_ANALYSIS = YES;
				CLANG_WARN_STRICT_PROTOTYPES = YES;
				CLANG_WARN_SUSPICIOUS_MOVE = YES;
				CLANG_WARN_UNGUARDED_AVAILABILITY = YES_AGGRESSIVE;
				CLANG_WARN_UNREACHABLE_CODE = YES;
				CLANG_WARN__DUPLICATE_METHOD_MATCH = YES;
				COPY_PHASE_STRIP = NO;
				DEBUG_INFORMATION_FORMAT = "dwarf-with-dsym";
				ENABLE_NS_ASSERTIONS = NO;
				ENABLE_STRICT_OBJC_MSGSEND = YES;
				GCC_C_LANGUAGE_STANDARD = gnu11;
				GCC_NO_COMMON_BLOCKS = YES;
				GCC_WARN_64_TO_32_BIT_CONVERSION = YES;
				GCC_WARN_ABOUT_RETURN_TYPE = YES_ERROR;
				GCC_WARN_UNDECLARED_SELECTOR = YES;
				GCC_WARN_UNINITIALIZED_AUTOS = YES_AGGRESSIVE;
				GCC_WARN_UNUSED_FUNCTION = YES;
				GCC_WARN_UNUSED_VARIABLE = YES;
				IPHONEOS_DEPLOYMENT_TARGET = 16.4;
				MTL_ENABLE_DEBUG_INFO = NO;
				MTL_FAST_MATH = YES;
				SDKROOT = iphoneos;
				SWIFT_COMPILATION_MODE = wholemodule;
				SWIFT_OPTIMIZATION_LEVEL = "-O";
				VALIDATE_PRODUCT = YES;
			};
			name = Release;
		};
		406CB7272C0F6A2A000A3D83 /* Debug */ = {
			isa = XCBuildConfiguration;
			buildSettings = {
				ASSETCATALOG_COMPILER_APPICON_NAME = AppIcon;
				ASSETCATALOG_COMPILER_GLOBAL_ACCENT_COLOR_NAME = AccentColor;
				CODE_SIGN_STYLE = Automatic;
				CURRENT_PROJECT_VERSION = 1;
				GENERATE_INFOPLIST_FILE = YES;
				INFOPLIST_FILE = TableViewCollectionView/Info.plist;
				INFOPLIST_KEY_UIApplicationSupportsIndirectInputEvents = YES;
				INFOPLIST_KEY_UILaunchStoryboardName = LaunchScreen;
				INFOPLIST_KEY_UIMainStoryboardFile = Main;
				INFOPLIST_KEY_UISupportedInterfaceOrientations_iPad = "UIInterfaceOrientationPortrait UIInterfaceOrientationPortraitUpsideDown UIInterfaceOrientationLandscapeLeft UIInterfaceOrientationLandscapeRight";
				INFOPLIST_KEY_UISupportedInterfaceOrientations_iPhone = "UIInterfaceOrientationPortrait UIInterfaceOrientationLandscapeLeft UIInterfaceOrientationLandscapeRight";
				LD_RUNPATH_SEARCH_PATHS = (
					"$(inherited)",
					"@executable_path/Frameworks",
				);
				MARKETING_VERSION = 1.0;
				PRODUCT_BUNDLE_IDENTIFIER = com.shivam.TableViewCollectionView;
				PRODUCT_NAME = "$(TARGET_NAME)";
				SWIFT_EMIT_LOC_STRINGS = YES;
				SWIFT_VERSION = 5.0;
				TARGETED_DEVICE_FAMILY = "1,2";
			};
			name = Debug;
		};
		406CB7282C0F6A2A000A3D83 /* Release */ = {
			isa = XCBuildConfiguration;
			buildSettings = {
				ASSETCATALOG_COMPILER_APPICON_NAME = AppIcon;
				ASSETCATALOG_COMPILER_GLOBAL_ACCENT_COLOR_NAME = AccentColor;
				CODE_SIGN_STYLE = Automatic;
				CURRENT_PROJECT_VERSION = 1;
				GENERATE_INFOPLIST_FILE = YES;
				INFOPLIST_FILE = TableViewCollectionView/Info.plist;
				INFOPLIST_KEY_UIApplicationSupportsIndirectInputEvents = YES;
				INFOPLIST_KEY_UILaunchStoryboardName = LaunchScreen;
				INFOPLIST_KEY_UIMainStoryboardFile = Main;
				INFOPLIST_KEY_UISupportedInterfaceOrientations_iPad = "UIInterfaceOrientationPortrait UIInterfaceOrientationPortraitUpsideDown UIInterfaceOrientationLandscapeLeft UIInterfaceOrientationLandscapeRight";
				INFOPLIST_KEY_UISupportedInterfaceOrientations_iPhone = "UIInterfaceOrientationPortrait UIInterfaceOrientationLandscapeLeft UIInterfaceOrientationLandscapeRight";
				LD_RUNPATH_SEARCH_PATHS = (
					"$(inherited)",
					"@executable_path/Frameworks",
				);
				MARKETING_VERSION = 1.0;
				PRODUCT_BUNDLE_IDENTIFIER = com.shivam.TableViewCollectionView;
				PRODUCT_NAME = "$(TARGET_NAME)";
				SWIFT_EMIT_LOC_STRINGS = YES;
				SWIFT_VERSION = 5.0;
				TARGETED_DEVICE_FAMILY = "1,2";
			};
			name = Release;
		};
/* End XCBuildConfiguration section */

/* Begin XCConfigurationList section */
		406CB70D2C0F6A26000A3D83 /* Build configuration list for PBXProject "TableViewCollectionView" */ = {
			isa = XCConfigurationList;
			buildConfigurations = (
				406CB7242C0F6A2A000A3D83 /* Debug */,
				406CB7252C0F6A2A000A3D83 /* Release */,
			);
			defaultConfigurationIsVisible = 0;
			defaultConfigurationName = Release;
		};
		406CB7262C0F6A2A000A3D83 /* Build configuration list for PBXNativeTarget "TableViewCollectionView" */ = {
			isa = XCConfigurationList;
			buildConfigurations = (
				406CB7272C0F6A2A000A3D83 /* Debug */,
				406CB7282C0F6A2A000A3D83 /* Release */,
			);
			defaultConfigurationIsVisible = 0;
			defaultConfigurationName = Release;
		};
/* End XCConfigurationList section */
	};
	rootObject = 406CB70A2C0F6A26000A3D83 /* Project object */;
}
